
Microsoft Visual Studio Solution File, Format Version 12.00
# Visual Studio 15
VisualStudioVersion = 15.0.27703.2026
MinimumVisualStudioVersion = 10.0.40219.1
Project("{8BC9CEB8-8B4A-11D0-8D11-00A0C91BC942}") = "ecs", "ecs\ecs.vcxproj", "{0CAB1E9C-BF51-43F7-984E-58F8F1DEABE3}"
	ProjectSection(ProjectDependencies) = postProject
		{42208311-B000-4C8C-ADFB-BF94BD2222E8} = {42208311-B000-4C8C-ADFB-BF94BD2222E8}
	EndProjectSection
EndProject
Project("{8BC9CEB8-8B4A-11D0-8D11-00A0C91BC942}") = "codegen", "codegen\codegen.vcxproj", "{42208311-B000-4C8C-ADFB-BF94BD2222E8}"
EndProject
Project("{8BC9CEB8-8B4A-11D0-8D11-00A0C91BC942}") = "sample", "sample\sample.vcxproj", "{3D829F46-2FCE-4BB4-A024-0880FD6EBBF2}"
	ProjectSection(ProjectDependencies) = postProject
		{42208311-B000-4C8C-ADFB-BF94BD2222E8} = {42208311-B000-4C8C-ADFB-BF94BD2222E8}
		{735C6650-280C-4068-8D41-74C8DD3D6D9C} = {735C6650-280C-4068-8D41-74C8DD3D6D9C}
		{0CAB1E9C-BF51-43F7-984E-58F8F1DEABE3} = {0CAB1E9C-BF51-43F7-984E-58F8F1DEABE3}
	EndProjectSection
EndProject
Project("{8BC9CEB8-8B4A-11D0-8D11-00A0C91BC942}") = "benchmark", "benchmark\benchmark.vcxproj", "{6ED80AE2-017F-486D-A275-E926B415A424}"
	ProjectSection(ProjectDependencies) = postProject
		{42208311-B000-4C8C-ADFB-BF94BD2222E8} = {42208311-B000-4C8C-ADFB-BF94BD2222E8}
		{0CAB1E9C-BF51-43F7-984E-58F8F1DEABE3} = {0CAB1E9C-BF51-43F7-984E-58F8F1DEABE3}
	EndProjectSection
EndProject
Project("{8BC9CEB8-8B4A-11D0-8D11-00A0C91BC942}") = "script", "script\script.vcxproj", "{735C6650-280C-4068-8D41-74C8DD3D6D9C}"
EndProject
Global
	GlobalSection(SolutionConfigurationPlatforms) = preSolution
		Debug|x64 = Debug|x64
		Debug|x86 = Debug|x86
		Release|x64 = Release|x64
		Release|x86 = Release|x86
	EndGlobalSection
	GlobalSection(ProjectConfigurationPlatforms) = postSolution
		{0CAB1E9C-BF51-43F7-984E-58F8F1DEABE3}.Debug|x64.ActiveCfg = Debug|x64
		{0CAB1E9C-BF51-43F7-984E-58F8F1DEABE3}.Debug|x64.Build.0 = Debug|x64
		{0CAB1E9C-BF51-43F7-984E-58F8F1DEABE3}.Debug|x86.ActiveCfg = Debug|Win32
		{0CAB1E9C-BF51-43F7-984E-58F8F1DEABE3}.Debug|x86.Build.0 = Debug|Win32
		{0CAB1E9C-BF51-43F7-984E-58F8F1DEABE3}.Release|x64.ActiveCfg = Release|x64
		{0CAB1E9C-BF51-43F7-984E-58F8F1DEABE3}.Release|x64.Build.0 = Release|x64
		{0CAB1E9C-BF51-43F7-984E-58F8F1DEABE3}.Release|x86.ActiveCfg = Release|Win32
		{0CAB1E9C-BF51-43F7-984E-58F8F1DEABE3}.Release|x86.Build.0 = Release|Win32
		{42208311-B000-4C8C-ADFB-BF94BD2222E8}.Debug|x64.ActiveCfg = Debug|x64
		{42208311-B000-4C8C-ADFB-BF94BD2222E8}.Debug|x64.Build.0 = Debug|x64
		{42208311-B000-4C8C-ADFB-BF94BD2222E8}.Debug|x86.ActiveCfg = Debug|Win32
		{42208311-B000-4C8C-ADFB-BF94BD2222E8}.Debug|x86.Build.0 = Debug|Win32
		{42208311-B000-4C8C-ADFB-BF94BD2222E8}.Release|x64.ActiveCfg = Release|x64
		{42208311-B000-4C8C-ADFB-BF94BD2222E8}.Release|x64.Build.0 = Release|x64
		{42208311-B000-4C8C-ADFB-BF94BD2222E8}.Release|x86.ActiveCfg = Release|Win32
		{42208311-B000-4C8C-ADFB-BF94BD2222E8}.Release|x86.Build.0 = Release|Win32
		{3D829F46-2FCE-4BB4-A024-0880FD6EBBF2}.Debug|x64.ActiveCfg = Debug|x64
		{3D829F46-2FCE-4BB4-A024-0880FD6EBBF2}.Debug|x64.Build.0 = Debug|x64
		{3D829F46-2FCE-4BB4-A024-0880FD6EBBF2}.Debug|x86.ActiveCfg = Debug|Win32
		{3D829F46-2FCE-4BB4-A024-0880FD6EBBF2}.Debug|x86.Build.0 = Debug|Win32
		{3D829F46-2FCE-4BB4-A024-0880FD6EBBF2}.Release|x64.ActiveCfg = Release|x64
		{3D829F46-2FCE-4BB4-A024-0880FD6EBBF2}.Release|x64.Build.0 = Release|x64
		{3D829F46-2FCE-4BB4-A024-0880FD6EBBF2}.Release|x86.ActiveCfg = Release|Win32
		{3D829F46-2FCE-4BB4-A024-0880FD6EBBF2}.Release|x86.Build.0 = Release|Win32
		{6ED80AE2-017F-486D-A275-E926B415A424}.Debug|x64.ActiveCfg = Debug|x64
		{6ED80AE2-017F-486D-A275-E926B415A424}.Debug|x64.Build.0 = Debug|x64
		{6ED80AE2-017F-486D-A275-E926B415A424}.Debug|x86.ActiveCfg = Debug|Win32
		{6ED80AE2-017F-486D-A275-E926B415A424}.Debug|x86.Build.0 = Debug|Win32
		{6ED80AE2-017F-486D-A275-E926B415A424}.Release|x64.ActiveCfg = Release|x64
		{6ED80AE2-017F-486D-A275-E926B415A424}.Release|x64.Build.0 = Release|x64
		{6ED80AE2-017F-486D-A275-E926B415A424}.Release|x86.ActiveCfg = Release|Win32
		{6ED80AE2-017F-486D-A275-E926B415A424}.Release|x86.Build.0 = Release|Win32
		{735C6650-280C-4068-8D41-74C8DD3D6D9C}.Debug|x64.ActiveCfg = Debug|x64
		{735C6650-280C-4068-8D41-74C8DD3D6D9C}.Debug|x64.Build.0 = Debug|x64
		{735C6650-280C-4068-8D41-74C8DD3D6D9C}.Debug|x86.ActiveCfg = Debug|Win32
		{735C6650-280C-4068-8D41-74C8DD3D6D9C}.Debug|x86.Build.0 = Debug|Win32
		{735C6650-280C-4068-8D41-74C8DD3D6D9C}.Release|x64.ActiveCfg = Release|x64
		{735C6650-280C-4068-8D41-74C8DD3D6D9C}.Release|x64.Build.0 = Release|x64
		{735C6650-280C-4068-8D41-74C8DD3D6D9C}.Release|x86.ActiveCfg = Release|Win32
		{735C6650-280C-4068-8D41-74C8DD3D6D9C}.Release|x86.Build.0 = Release|Win32
	EndGlobalSection
	GlobalSection(SolutionProperties) = preSolution
		HideSolutionNode = FALSE
	EndGlobalSection
	GlobalSection(ExtensibilityGlobals) = postSolution
		SolutionGuid = {9EC527E4-608B-4DA3-8AD5-65C7F32490FC}
	EndGlobalSection
EndGlobal
