<?xml version="1.0" encoding="utf-8"?>
<Project ToolsVersion="4.0" xmlns="http://schemas.microsoft.com/developer/msbuild/2003">
  <ItemGroup>
    <ClCompile Include="update.ecs.h.gen">
      <Filter>gen</Filter>
    </ClCompile>
    <ClCompile Include="update.ecs.cpp.gen">
      <Filter>gen</Filter>
    </ClCompile>
    <ClCompile Include="benchmark.cpp" />
  </ItemGroup>
  <ItemGroup>
    <Filter Include="gen">
      <UniqueIdentifier>{b9528509-244a-4139-ad63-04aa0ef2cb2b}</UniqueIdentifier>
    </Filter>
    <Filter Include="data">
      <UniqueIdentifier>{2448f4df-abf4-40ec-89ae-31cb51249eb3}</UniqueIdentifier>
    </Filter>
  </ItemGroup>
  <ItemGroup>
    <CustomBuild Include="update.ecs.h" />
    <CustomBuild Include="update.ecs.cpp" />
  </ItemGroup>
  <ItemGroup>
    <None Include="entities.json">
      <Filter>data</Filter>
    </None>
    <None Include="templates.json">
      <Filter>data</Filter>
    </None>
  </ItemGroup>
</Project>