<?xml version="1.0" encoding="utf-8"?>
<Project ToolsVersion="4.0" xmlns="http://schemas.microsoft.com/developer/msbuild/2003">
  <ItemGroup>
    <Filter Include="components">
      <UniqueIdentifier>{e39cb56b-adc2-45d9-8907-3c1d9caabae9}</UniqueIdentifier>
    </Filter>
    <Filter Include="ecs">
      <UniqueIdentifier>{76a3ba95-abb4-4b16-8f48-43f1a68ae057}</UniqueIdentifier>
    </Filter>
    <Filter Include="systems">
      <UniqueIdentifier>{d0cd0d7b-76f2-4577-9487-14f004d30b80}</UniqueIdentifier>
    </Filter>
    <Filter Include="stages">
      <UniqueIdentifier>{34d81510-4e28-4fc2-ad92-bfc6d5dfcd80}</UniqueIdentifier>
    </Filter>
    <Filter Include="io">
      <UniqueIdentifier>{43adfa92-589d-4520-a12f-904bb7ddfc3c}</UniqueIdentifier>
    </Filter>
  </ItemGroup>
  <ItemGroup>
    <ClInclude Include="stages\update.stage.h">
      <Filter>stages</Filter>
    </ClInclude>
    <ClInclude Include="ecs\ecs.h">
      <Filter>ecs</Filter>
    </ClInclude>
    <ClInclude Include="ecs\component.h">
      <Filter>ecs</Filter>
    </ClInclude>
    <ClInclude Include="ecs\entity.h">
      <Filter>ecs</Filter>
    </ClInclude>
    <ClInclude Include="ecs\stage.h">
      <Filter>ecs</Filter>
    </ClInclude>
    <ClInclude Include="ecs\system.h">
      <Filter>ecs</Filter>
    </ClInclude>
    <ClInclude Include="components\eid.component.h">
      <Filter>components</Filter>
    </ClInclude>
    <ClInclude Include="components\position.component.h">
      <Filter>components</Filter>
    </ClInclude>
    <ClInclude Include="components\test.component.h">
      <Filter>components</Filter>
    </ClInclude>
    <ClInclude Include="components\velocity.component.h">
      <Filter>components</Filter>
    </ClInclude>
    <ClInclude Include="targetver.h" />
    <ClInclude Include="stdafx.h" />
    <ClInclude Include="ecs\event.h">
      <Filter>ecs</Filter>
    </ClInclude>
    <ClInclude Include="systems\update.h">
      <Filter>systems</Filter>
    </ClInclude>
    <ClInclude Include="stages\render.stage.h">
      <Filter>stages</Filter>
    </ClInclude>
    <ClInclude Include="components\timer.component.h">
      <Filter>components</Filter>
    </ClInclude>
    <ClInclude Include="io\json.h">
      <Filter>io</Filter>
    </ClInclude>
    <ClInclude Include="components\color.component.h">
      <Filter>components</Filter>
    </ClInclude>
  </ItemGroup>
  <ItemGroup>
    <ClCompile Include="stages\update.stage.cpp">
      <Filter>stages</Filter>
    </ClCompile>
    <ClCompile Include="ecs\ecs.cpp">
      <Filter>ecs</Filter>
    </ClCompile>
    <ClCompile Include="components\eid.component.cpp">
      <Filter>components</Filter>
    </ClCompile>
    <ClCompile Include="components\position.component.cpp">
      <Filter>components</Filter>
    </ClCompile>
    <ClCompile Include="components\test.component.cpp">
      <Filter>components</Filter>
    </ClCompile>
    <ClCompile Include="components\velocity.component.cpp">
      <Filter>components</Filter>
    </ClCompile>
    <ClCompile Include="systems\update.cpp">
      <Filter>systems</Filter>
    </ClCompile>
    <ClCompile Include="stdafx.cpp" />
    <ClCompile Include="main.cpp" />
    <ClCompile Include="stages\render.stage.cpp">
      <Filter>stages</Filter>
    </ClCompile>
    <ClCompile Include="components\timer.component.cpp">
      <Filter>components</Filter>
    </ClCompile>
    <ClCompile Include="components\color.component.cpp">
      <Filter>components</Filter>
    </ClCompile>
    <ClCompile Include="ecs\memory.cpp">
      <Filter>ecs</Filter>
    </ClCompile>
  </ItemGroup>
  <ItemGroup>
    <Natvis Include="..\rapidjson\contrib\natvis\rapidjson.natvis" />
    <Natvis Include="..\EASTL\doc\EASTL.natvis" />
  </ItemGroup>
</Project>