<?xml version="1.0" encoding="utf-8"?>
<Project ToolsVersion="4.0" xmlns="http://schemas.microsoft.com/developer/msbuild/2003">
  <ItemGroup>
    <ClCompile Include="..\..\..\..\add_on\scriptarray\scriptarray.cpp" />
    <ClCompile Include="..\..\..\..\add_on\scripthandle\scripthandle.cpp" />
    <ClCompile Include="..\..\..\..\add_on\scriptstdstring\scriptstdstring.cpp" />
    <ClCompile Include="..\..\..\..\add_on\scriptstdstring\scriptstdstring_utils.cpp" />
  </ItemGroup>
  <ItemGroup>
    <ClInclude Include="..\..\..\..\add_on\scriptarray\scriptarray.h" />
    <ClInclude Include="..\..\..\..\add_on\scripthandle\scripthandle.h" />
    <ClInclude Include="..\..\..\..\add_on\scriptstdstring\scriptstdstring.h" />
  </ItemGroup>
</Project>