<?xml version="1.0" encoding="UTF-8"?>
<Project ToolsVersion="15.0" xmlns="http://schemas.microsoft.com/developer/msbuild/2003">
  <ItemGroup>
    <CustomBuild Include="C:\Users\e.guskov\Documents\Visual Studio 2015\Projects\ecs\cef\CMakeFiles\421ae0f40c6df4aec789f726d2a59486\generate.stamp.rule">
      <Filter>CMake Rules</Filter>
    </CustomBuild>
  </ItemGroup>
  <ItemGroup>
    <Filter Include="CMake Rules">
      <UniqueIdentifier>{716E6E1D-0362-336C-8CBB-EC5F06B19FE8}</UniqueIdentifier>
    </Filter>
  </ItemGroup>
</Project>
